
Microsoft Visual Studio Solution File, Format Version 12.00
# Visual Studio 15
VisualStudioVersion = 15.0.26403.7
MinimumVisualStudioVersion = 10.0.40219.1
Project("{FAE04EC0-301F-11D3-BF4B-00C04F79EFBC}") = "Elmah2slack", "Elmah2slack\Elmah2slack.csproj", "{9FA80A4B-D193-4970-BF6D-51B3454FABC7}"
EndProject
Project("{FAE04EC0-301F-11D3-BF4B-00C04F79EFBC}") = "Elmah.Mvc", "..\Elmah.Mvc\Elmah.Mvc.csproj", "{6B480486-4311-43AA-ADD8-25CE2033D166}"
EndProject
Project("{FAE04EC0-301F-11D3-BF4B-00C04F79EFBC}") = "Elmah", "Elmah\Elmah.csproj", "{C92DC151-A0BA-4A5E-A20E-620EC9C06AFF}"
EndProject
Project("{FAE04EC0-301F-11D3-BF4B-00C04F79EFBC}") = "Elmah.SqlServer", "Elmah.SqlServer\Elmah.SqlServer.csproj", "{FD960C29-E686-4EE0-B4BC-1D826877CB2E}"
EndProject
Project("{FAE04EC0-301F-11D3-BF4B-00C04F79EFBC}") = "Elmah.AspNet", "Elmah.AspNet\Elmah.AspNet.csproj", "{2990960B-2CB4-484C-819A-EF186B8FCAC5}"
EndProject
Project("{FAE04EC0-301F-11D3-BF4B-00C04F79EFBC}") = "ExampleApplication", "ExampleApplication\ExampleApplication.csproj", "{5586DCF1-CE8D-4B46-AD83-57AE745BAFAC}"
EndProject
Global
	GlobalSection(SolutionConfigurationPlatforms) = preSolution
		Debug|Any CPU = Debug|Any CPU
		NETFX 3.5 Debug|Any CPU = NETFX 3.5 Debug|Any CPU
		NETFX 3.5 Release|Any CPU = NETFX 3.5 Release|Any CPU
		NETFX 4.0 Debug|Any CPU = NETFX 4.0 Debug|Any CPU
		NETFX 4.0 Release|Any CPU = NETFX 4.0 Release|Any CPU
		NETFX 4.5 Debug|Any CPU = NETFX 4.5 Debug|Any CPU
		NETFX 4.5 Release|Any CPU = NETFX 4.5 Release|Any CPU
		Release|Any CPU = Release|Any CPU
	EndGlobalSection
	GlobalSection(ProjectConfigurationPlatforms) = postSolution
		{9FA80A4B-D193-4970-BF6D-51B3454FABC7}.Debug|Any CPU.ActiveCfg = Debug|Any CPU
		{9FA80A4B-D193-4970-BF6D-51B3454FABC7}.Debug|Any CPU.Build.0 = Debug|Any CPU
		{9FA80A4B-D193-4970-BF6D-51B3454FABC7}.NETFX 3.5 Debug|Any CPU.ActiveCfg = Debug|Any CPU
		{9FA80A4B-D193-4970-BF6D-51B3454FABC7}.NETFX 3.5 Debug|Any CPU.Build.0 = Debug|Any CPU
		{9FA80A4B-D193-4970-BF6D-51B3454FABC7}.NETFX 3.5 Release|Any CPU.ActiveCfg = Release|Any CPU
		{9FA80A4B-D193-4970-BF6D-51B3454FABC7}.NETFX 3.5 Release|Any CPU.Build.0 = Release|Any CPU
		{9FA80A4B-D193-4970-BF6D-51B3454FABC7}.NETFX 4.0 Debug|Any CPU.ActiveCfg = Debug|Any CPU
		{9FA80A4B-D193-4970-BF6D-51B3454FABC7}.NETFX 4.0 Debug|Any CPU.Build.0 = Debug|Any CPU
		{9FA80A4B-D193-4970-BF6D-51B3454FABC7}.NETFX 4.0 Release|Any CPU.ActiveCfg = Release|Any CPU
		{9FA80A4B-D193-4970-BF6D-51B3454FABC7}.NETFX 4.0 Release|Any CPU.Build.0 = Release|Any CPU
		{9FA80A4B-D193-4970-BF6D-51B3454FABC7}.NETFX 4.5 Debug|Any CPU.ActiveCfg = Debug|Any CPU
		{9FA80A4B-D193-4970-BF6D-51B3454FABC7}.NETFX 4.5 Debug|Any CPU.Build.0 = Debug|Any CPU
		{9FA80A4B-D193-4970-BF6D-51B3454FABC7}.NETFX 4.5 Release|Any CPU.ActiveCfg = Release|Any CPU
		{9FA80A4B-D193-4970-BF6D-51B3454FABC7}.NETFX 4.5 Release|Any CPU.Build.0 = Release|Any CPU
		{9FA80A4B-D193-4970-BF6D-51B3454FABC7}.Release|Any CPU.ActiveCfg = Release|Any CPU
		{9FA80A4B-D193-4970-BF6D-51B3454FABC7}.Release|Any CPU.Build.0 = Release|Any CPU
		{6B480486-4311-43AA-ADD8-25CE2033D166}.Debug|Any CPU.ActiveCfg = Debug|Any CPU
		{6B480486-4311-43AA-ADD8-25CE2033D166}.Debug|Any CPU.Build.0 = Debug|Any CPU
		{6B480486-4311-43AA-ADD8-25CE2033D166}.NETFX 3.5 Debug|Any CPU.ActiveCfg = Debug|Any CPU
		{6B480486-4311-43AA-ADD8-25CE2033D166}.NETFX 3.5 Debug|Any CPU.Build.0 = Debug|Any CPU
		{6B480486-4311-43AA-ADD8-25CE2033D166}.NETFX 3.5 Release|Any CPU.ActiveCfg = Release|Any CPU
		{6B480486-4311-43AA-ADD8-25CE2033D166}.NETFX 3.5 Release|Any CPU.Build.0 = Release|Any CPU
		{6B480486-4311-43AA-ADD8-25CE2033D166}.NETFX 4.0 Debug|Any CPU.ActiveCfg = Debug|Any CPU
		{6B480486-4311-43AA-ADD8-25CE2033D166}.NETFX 4.0 Debug|Any CPU.Build.0 = Debug|Any CPU
		{6B480486-4311-43AA-ADD8-25CE2033D166}.NETFX 4.0 Release|Any CPU.ActiveCfg = Release|Any CPU
		{6B480486-4311-43AA-ADD8-25CE2033D166}.NETFX 4.0 Release|Any CPU.Build.0 = Release|Any CPU
		{6B480486-4311-43AA-ADD8-25CE2033D166}.NETFX 4.5 Debug|Any CPU.ActiveCfg = Debug|Any CPU
		{6B480486-4311-43AA-ADD8-25CE2033D166}.NETFX 4.5 Debug|Any CPU.Build.0 = Debug|Any CPU
		{6B480486-4311-43AA-ADD8-25CE2033D166}.NETFX 4.5 Release|Any CPU.ActiveCfg = Release|Any CPU
		{6B480486-4311-43AA-ADD8-25CE2033D166}.NETFX 4.5 Release|Any CPU.Build.0 = Release|Any CPU
		{6B480486-4311-43AA-ADD8-25CE2033D166}.Release|Any CPU.ActiveCfg = Release|Any CPU
		{6B480486-4311-43AA-ADD8-25CE2033D166}.Release|Any CPU.Build.0 = Release|Any CPU
		{C92DC151-A0BA-4A5E-A20E-620EC9C06AFF}.Debug|Any CPU.ActiveCfg = NETFX 4.5 Debug|Any CPU
		{C92DC151-A0BA-4A5E-A20E-620EC9C06AFF}.Debug|Any CPU.Build.0 = NETFX 4.5 Debug|Any CPU
		{C92DC151-A0BA-4A5E-A20E-620EC9C06AFF}.NETFX 3.5 Debug|Any CPU.ActiveCfg = NETFX 3.5 Debug|Any CPU
		{C92DC151-A0BA-4A5E-A20E-620EC9C06AFF}.NETFX 3.5 Debug|Any CPU.Build.0 = NETFX 3.5 Debug|Any CPU
		{C92DC151-A0BA-4A5E-A20E-620EC9C06AFF}.NETFX 3.5 Release|Any CPU.ActiveCfg = NETFX 3.5 Release|Any CPU
		{C92DC151-A0BA-4A5E-A20E-620EC9C06AFF}.NETFX 3.5 Release|Any CPU.Build.0 = NETFX 3.5 Release|Any CPU
		{C92DC151-A0BA-4A5E-A20E-620EC9C06AFF}.NETFX 4.0 Debug|Any CPU.ActiveCfg = NETFX 4.0 Debug|Any CPU
		{C92DC151-A0BA-4A5E-A20E-620EC9C06AFF}.NETFX 4.0 Debug|Any CPU.Build.0 = NETFX 4.0 Debug|Any CPU
		{C92DC151-A0BA-4A5E-A20E-620EC9C06AFF}.NETFX 4.0 Release|Any CPU.ActiveCfg = NETFX 4.0 Release|Any CPU
		{C92DC151-A0BA-4A5E-A20E-620EC9C06AFF}.NETFX 4.0 Release|Any CPU.Build.0 = NETFX 4.0 Release|Any CPU
		{C92DC151-A0BA-4A5E-A20E-620EC9C06AFF}.NETFX 4.5 Debug|Any CPU.ActiveCfg = NETFX 4.5 Debug|Any CPU
		{C92DC151-A0BA-4A5E-A20E-620EC9C06AFF}.NETFX 4.5 Debug|Any CPU.Build.0 = NETFX 4.5 Debug|Any CPU
		{C92DC151-A0BA-4A5E-A20E-620EC9C06AFF}.NETFX 4.5 Release|Any CPU.ActiveCfg = NETFX 4.5 Release|Any CPU
		{C92DC151-A0BA-4A5E-A20E-620EC9C06AFF}.NETFX 4.5 Release|Any CPU.Build.0 = NETFX 4.5 Release|Any CPU
		{C92DC151-A0BA-4A5E-A20E-620EC9C06AFF}.Release|Any CPU.ActiveCfg = NETFX 4.5 Release|Any CPU
		{C92DC151-A0BA-4A5E-A20E-620EC9C06AFF}.Release|Any CPU.Build.0 = NETFX 4.5 Release|Any CPU
		{FD960C29-E686-4EE0-B4BC-1D826877CB2E}.Debug|Any CPU.ActiveCfg = NETFX 4.5 Debug|Any CPU
		{FD960C29-E686-4EE0-B4BC-1D826877CB2E}.Debug|Any CPU.Build.0 = NETFX 4.5 Debug|Any CPU
		{FD960C29-E686-4EE0-B4BC-1D826877CB2E}.NETFX 3.5 Debug|Any CPU.ActiveCfg = NETFX 3.5 Debug|Any CPU
		{FD960C29-E686-4EE0-B4BC-1D826877CB2E}.NETFX 3.5 Debug|Any CPU.Build.0 = NETFX 3.5 Debug|Any CPU
		{FD960C29-E686-4EE0-B4BC-1D826877CB2E}.NETFX 3.5 Release|Any CPU.ActiveCfg = NETFX 3.5 Release|Any CPU
		{FD960C29-E686-4EE0-B4BC-1D826877CB2E}.NETFX 3.5 Release|Any CPU.Build.0 = NETFX 3.5 Release|Any CPU
		{FD960C29-E686-4EE0-B4BC-1D826877CB2E}.NETFX 4.0 Debug|Any CPU.ActiveCfg = NETFX 4.0 Debug|Any CPU
		{FD960C29-E686-4EE0-B4BC-1D826877CB2E}.NETFX 4.0 Debug|Any CPU.Build.0 = NETFX 4.0 Debug|Any CPU
		{FD960C29-E686-4EE0-B4BC-1D826877CB2E}.NETFX 4.0 Release|Any CPU.ActiveCfg = NETFX 4.0 Release|Any CPU
		{FD960C29-E686-4EE0-B4BC-1D826877CB2E}.NETFX 4.0 Release|Any CPU.Build.0 = NETFX 4.0 Release|Any CPU
		{FD960C29-E686-4EE0-B4BC-1D826877CB2E}.NETFX 4.5 Debug|Any CPU.ActiveCfg = NETFX 4.5 Debug|Any CPU
		{FD960C29-E686-4EE0-B4BC-1D826877CB2E}.NETFX 4.5 Debug|Any CPU.Build.0 = NETFX 4.5 Debug|Any CPU
		{FD960C29-E686-4EE0-B4BC-1D826877CB2E}.NETFX 4.5 Release|Any CPU.ActiveCfg = NETFX 4.5 Release|Any CPU
		{FD960C29-E686-4EE0-B4BC-1D826877CB2E}.NETFX 4.5 Release|Any CPU.Build.0 = NETFX 4.5 Release|Any CPU
		{FD960C29-E686-4EE0-B4BC-1D826877CB2E}.Release|Any CPU.ActiveCfg = NETFX 4.5 Release|Any CPU
		{FD960C29-E686-4EE0-B4BC-1D826877CB2E}.Release|Any CPU.Build.0 = NETFX 4.5 Release|Any CPU
		{2990960B-2CB4-484C-819A-EF186B8FCAC5}.Debug|Any CPU.ActiveCfg = NETFX 4.5 Debug|Any CPU
		{2990960B-2CB4-484C-819A-EF186B8FCAC5}.Debug|Any CPU.Build.0 = NETFX 4.5 Debug|Any CPU
		{2990960B-2CB4-484C-819A-EF186B8FCAC5}.NETFX 3.5 Debug|Any CPU.ActiveCfg = NETFX 3.5 Debug|Any CPU
		{2990960B-2CB4-484C-819A-EF186B8FCAC5}.NETFX 3.5 Debug|Any CPU.Build.0 = NETFX 3.5 Debug|Any CPU
		{2990960B-2CB4-484C-819A-EF186B8FCAC5}.NETFX 3.5 Release|Any CPU.ActiveCfg = NETFX 3.5 Release|Any CPU
		{2990960B-2CB4-484C-819A-EF186B8FCAC5}.NETFX 3.5 Release|Any CPU.Build.0 = NETFX 3.5 Release|Any CPU
		{2990960B-2CB4-484C-819A-EF186B8FCAC5}.NETFX 4.0 Debug|Any CPU.ActiveCfg = NETFX 4.0 Debug|Any CPU
		{2990960B-2CB4-484C-819A-EF186B8FCAC5}.NETFX 4.0 Debug|Any CPU.Build.0 = NETFX 4.0 Debug|Any CPU
		{2990960B-2CB4-484C-819A-EF186B8FCAC5}.NETFX 4.0 Release|Any CPU.ActiveCfg = NETFX 4.0 Release|Any CPU
		{2990960B-2CB4-484C-819A-EF186B8FCAC5}.NETFX 4.0 Release|Any CPU.Build.0 = NETFX 4.0 Release|Any CPU
		{2990960B-2CB4-484C-819A-EF186B8FCAC5}.NETFX 4.5 Debug|Any CPU.ActiveCfg = NETFX 4.5 Debug|Any CPU
		{2990960B-2CB4-484C-819A-EF186B8FCAC5}.NETFX 4.5 Debug|Any CPU.Build.0 = NETFX 4.5 Debug|Any CPU
		{2990960B-2CB4-484C-819A-EF186B8FCAC5}.NETFX 4.5 Release|Any CPU.ActiveCfg = NETFX 4.5 Release|Any CPU
		{2990960B-2CB4-484C-819A-EF186B8FCAC5}.NETFX 4.5 Release|Any CPU.Build.0 = NETFX 4.5 Release|Any CPU
		{2990960B-2CB4-484C-819A-EF186B8FCAC5}.Release|Any CPU.ActiveCfg = NETFX 4.5 Release|Any CPU
		{2990960B-2CB4-484C-819A-EF186B8FCAC5}.Release|Any CPU.Build.0 = NETFX 4.5 Release|Any CPU
		{5586DCF1-CE8D-4B46-AD83-57AE745BAFAC}.Debug|Any CPU.ActiveCfg = Debug|Any CPU
		{5586DCF1-CE8D-4B46-AD83-57AE745BAFAC}.Debug|Any CPU.Build.0 = Debug|Any CPU
		{5586DCF1-CE8D-4B46-AD83-57AE745BAFAC}.NETFX 3.5 Debug|Any CPU.ActiveCfg = Debug|Any CPU
		{5586DCF1-CE8D-4B46-AD83-57AE745BAFAC}.NETFX 3.5 Debug|Any CPU.Build.0 = Debug|Any CPU
		{5586DCF1-CE8D-4B46-AD83-57AE745BAFAC}.NETFX 3.5 Release|Any CPU.ActiveCfg = Release|Any CPU
		{5586DCF1-CE8D-4B46-AD83-57AE745BAFAC}.NETFX 3.5 Release|Any CPU.Build.0 = Release|Any CPU
		{5586DCF1-CE8D-4B46-AD83-57AE745BAFAC}.NETFX 4.0 Debug|Any CPU.ActiveCfg = Debug|Any CPU
		{5586DCF1-CE8D-4B46-AD83-57AE745BAFAC}.NETFX 4.0 Debug|Any CPU.Build.0 = Debug|Any CPU
		{5586DCF1-CE8D-4B46-AD83-57AE745BAFAC}.NETFX 4.0 Release|Any CPU.ActiveCfg = Release|Any CPU
		{5586DCF1-CE8D-4B46-AD83-57AE745BAFAC}.NETFX 4.0 Release|Any CPU.Build.0 = Release|Any CPU
		{5586DCF1-CE8D-4B46-AD83-57AE745BAFAC}.NETFX 4.5 Debug|Any CPU.ActiveCfg = Debug|Any CPU
		{5586DCF1-CE8D-4B46-AD83-57AE745BAFAC}.NETFX 4.5 Debug|Any CPU.Build.0 = Debug|Any CPU
		{5586DCF1-CE8D-4B46-AD83-57AE745BAFAC}.NETFX 4.5 Release|Any CPU.ActiveCfg = Release|Any CPU
		{5586DCF1-CE8D-4B46-AD83-57AE745BAFAC}.NETFX 4.5 Release|Any CPU.Build.0 = Release|Any CPU
		{5586DCF1-CE8D-4B46-AD83-57AE745BAFAC}.Release|Any CPU.ActiveCfg = Release|Any CPU
		{5586DCF1-CE8D-4B46-AD83-57AE745BAFAC}.Release|Any CPU.Build.0 = Release|Any CPU
	EndGlobalSection
	GlobalSection(SolutionProperties) = preSolution
		HideSolutionNode = FALSE
	EndGlobalSection
EndGlobal
